
Microsoft Visual Studio Solution File, Format Version 12.00
# Visual Studio Version 17
VisualStudioVersion = 17.0.31903.59
MinimumVisualStudioVersion = 10.0.40219.1
Project("{FAE04EC0-301F-11D3-BF4B-00C04F79EFBC}") = "Quartz", "Quartz\Quartz.csproj", "{A6760D8F-2E1F-402E-A482-4B27D667A212}"
EndProject
Project("{FAE04EC0-301F-11D3-BF4B-00C04F79EFBC}") = "Rock", "Rock\Rock.csproj", "{185A31D7-3037-4DAE-8797-0459849A84BD}"
EndProject
Project("{FAE04EC0-301F-11D3-BF4B-00C04F79EFBC}") = "Rock.Blocks", "Rock.Blocks\Rock.Blocks.csproj", "{E8C5F154-201F-4C67-BCDC-34787DEFFEAE}"
EndProject
Project("{FAE04EC0-301F-11D3-BF4B-00C04F79EFBC}") = "Rock.Checkr", "Rock.Checkr\Rock.Checkr.csproj", "{94A5F880-31AE-4889-B9BE-BA1FDC258E83}"
EndProject
Project("{FAE04EC0-301F-11D3-BF4B-00C04F79EFBC}") = "Rock.Common", "Rock.Common\Rock.Common.csproj", "{13568622-324E-4493-B605-C9896E725D30}"
EndProject
Project("{9A19103F-16F7-4668-BE54-9A1E7A4F7556}") = "Rock.Common.NG", "Rock.Common\Rock.Common.NG.csproj", "{9AA23257-5C7B-474A-A7E9-16019993E491}"
EndProject
Project("{FAE04EC0-301F-11D3-BF4B-00C04F79EFBC}") = "Rock.Common.Web", "Rock.Common.Web\Rock.Common.Web.csproj", "{50174698-828B-49FB-8DD6-6F9D1B4651A4}"
EndProject
Project("{FAE04EC0-301F-11D3-BF4B-00C04F79EFBC}") = "Rock.DownhillCss", "Rock.DownhillCss\Rock.DownhillCss.csproj", "{CADD9206-2C6B-42E4-B20B-2DFC3EB4D6D4}"
EndProject
Project("{9092AA53-FB77-4645-B42D-1CCCA6BD08BD}") = "Rock.JavaScript.EditorJs", "Rock.JavaScript.EditorJs\Rock.JavaScript.EditorJs.njsproj", "{DEBE3E84-BE02-4840-9699-F1AEDEF26D49}"
EndProject
Project("{9092AA53-FB77-4645-B42D-1CCCA6BD08BD}") = "Rock.JavaScript.Obsidian", "Rock.JavaScript.Obsidian\Rock.JavaScript.Obsidian.njsproj", "{A4FB4B9B-3564-4C25-938C-4350A9515B24}"
EndProject
Project("{FAE04EC0-301F-11D3-BF4B-00C04F79EFBC}") = "Rock.Lava", "Rock.Lava\Rock.Lava.csproj", "{37E293DD-F282-4A34-91FA-5FB8503D5672}"
EndProject
Project("{FAE04EC0-301F-11D3-BF4B-00C04F79EFBC}") = "Rock.Lava.DotLiquid", "Rock.Lava.DotLiquid\Rock.Lava.DotLiquid.csproj", "{79AA470A-DC63-4CB4-B0B6-77285F60C69B}"
EndProject
Project("{FAE04EC0-301F-11D3-BF4B-00C04F79EFBC}") = "Rock.Lava.Fluid", "Rock.Lava.Fluid\Rock.Lava.Fluid.csproj", "{AFCE6F84-BF3A-4182-A816-8FB47AFC0305}"
EndProject
Project("{FAE04EC0-301F-11D3-BF4B-00C04F79EFBC}") = "Rock.Lava.Shared", "Rock.Lava.Shared\Rock.Lava.Shared.csproj", "{8820CD93-70EE-496D-B17B-0C4C68DD4957}"
EndProject
Project("{FAE04EC0-301F-11D3-BF4B-00C04F79EFBC}") = "Rock.Mailgun", "Rock.Mailgun\Rock.Mailgun.csproj", "{D6B19C0D-DA5E-4F75-8001-04DED86B741F}"
EndProject
Project("{FAE04EC0-301F-11D3-BF4B-00C04F79EFBC}") = "Rock.Migrations", "Rock.Migrations\Rock.Migrations.csproj", "{704740D8-B539-4560-9F8C-681670C9D6AD}"
EndProject
Project("{FAE04EC0-301F-11D3-BF4B-00C04F79EFBC}") = "Rock.Mandrill", "Rock.Mandrill\Rock.Mandrill.csproj", "{CF8C694A-55A0-434F-BC96-3450B96EC12A}"
EndProject
Project("{FAE04EC0-301F-11D3-BF4B-00C04F79EFBC}") = "Rock.MyWell", "Rock.MyWell\Rock.MyWell.csproj", "{13711BED-69DD-4182-9BB5-B3C9A4DE32DF}"
EndProject
Project("{FAE04EC0-301F-11D3-BF4B-00C04F79EFBC}") = "Rock.NMI", "Rock.NMI\Rock.NMI.csproj", "{F3692909-952D-4C4A-B2D2-D90D0083CF53}"
EndProject
Project("{FAE04EC0-301F-11D3-BF4B-00C04F79EFBC}") = "Rock.Oidc", "Rock.Oidc\Rock.Oidc.csproj", "{8CCB8E2A-073C-48CB-B31A-621EC5430A42}"
EndProject
Project("{FAE04EC0-301F-11D3-BF4B-00C04F79EFBC}") = "Rock.PayFlowPro", "Rock.PayFlowPro\Rock.PayFlowPro.csproj", "{A005D091-140E-4EC4-BCDF-CF7D42BB702C}"
EndProject
Project("{FAE04EC0-301F-11D3-BF4B-00C04F79EFBC}") = "Rock.Rest", "Rock.Rest\Rock.Rest.csproj", "{ADD1EDD0-A4CB-4E82-B6AD-6AD1D556DEAE}"
EndProject
Project("{FAE04EC0-301F-11D3-BF4B-00C04F79EFBC}") = "Rock.Security.Authentication.Auth0", "Rock.Security.Authentication.Auth0\Rock.Security.Authentication.Auth0.csproj", "{5055F482-72C7-4CC9-8ED0-A77090C777DB}"
EndProject
Project("{FAE04EC0-301F-11D3-BF4B-00C04F79EFBC}") = "Rock.SendGrid", "Rock.SendGrid\Rock.SendGrid.csproj", "{205F439A-2CCC-42C1-B1AB-09E1B629D88C}"
EndProject
Project("{FAE04EC0-301F-11D3-BF4B-00C04F79EFBC}") = "Rock.SignNow", "Rock.SignNow\Rock.SignNow.csproj", "{1F5956F2-2B0F-49B8-AAF1-2CC28F01426A}"
EndProject
Project("{FAE04EC0-301F-11D3-BF4B-00C04F79EFBC}") = "Rock.Slingshot", "Rock.Slingshot\Rock.Slingshot.csproj", "{C1DD2402-5FB2-411E-BF8D-5D9CB3A58E8B}"
EndProject
Project("{FAE04EC0-301F-11D3-BF4B-00C04F79EFBC}") = "Rock.Slingshot.Model", "Rock.Slingshot.Model\Rock.Slingshot.Model.csproj", "{962944DE-8BF4-4175-B55A-E75CF7918272}"
EndProject
Project("{FAE04EC0-301F-11D3-BF4B-00C04F79EFBC}") = "Rock.StatementGenerator", "Rock.StatementGenerator\Rock.StatementGenerator.csproj", "{42EDF2DD-5284-4B64-93C3-5186619D2B14}"
EndProject
Project("{FAE04EC0-301F-11D3-BF4B-00C04F79EFBC}") = "Rock.Tests.Integration", "Rock.Tests.Integration\Rock.Tests.Integration.csproj", "{9BB83636-1C9C-4A3F-9C18-5CFDB1EC720A}"
EndProject
Project("{FAE04EC0-301F-11D3-BF4B-00C04F79EFBC}") = "Rock.Tests.Shared", "Rock.Tests.Shared\Rock.Tests.Shared.csproj", "{D8DE32C9-25DA-4897-A750-7DD8755B3D45}"
EndProject
Project("{FAE04EC0-301F-11D3-BF4B-00C04F79EFBC}") = "Rock.Tests.UnitTests", "Rock.Tests.UnitTests\Rock.Tests.UnitTests.csproj", "{F6BEC5AC-D8E1-48ED-921F-D7D2EB58BF7D}"
EndProject
Project("{FAE04EC0-301F-11D3-BF4B-00C04F79EFBC}") = "Rock.Update", "Rock.Update\Rock.Update.csproj", "{B62B27C8-1F77-43CF-8EE7-30DE7F93FACD}"
EndProject
Project("{FAE04EC0-301F-11D3-BF4B-00C04F79EFBC}") = "Rock.Version", "Rock.Version\Rock.Version.csproj", "{6FE0930C-6832-4C2F-8A76-D4E4A2D80DDF}"
EndProject
Project("{FAE04EC0-301F-11D3-BF4B-00C04F79EFBC}") = "Rock.ViewModel", "Rock.ViewModel\Rock.ViewModel.csproj", "{05BAAF85-9C53-4CCD-A535-036427B0DF72}"
EndProject
Project("{FAE04EC0-301F-11D3-BF4B-00C04F79EFBC}") = "Rock.WebStartup", "Rock.WebStartup\Rock.WebStartup.csproj", "{515E22E4-4B9B-4886-8477-E5B312B75EB4}"
EndProject
Project("{FAE04EC0-301F-11D3-BF4B-00C04F79EFBC}") = "SignNowSDK", "SignNowSDK\SignNowSDK.csproj", "{69AC175C-3997-4514-8C9E-5D24811928C2}"
EndProject
Project("{E24C65DC-7377-472B-9ABA-BC803B73C61A}") = "RockWeb", "RockWeb\", "{E43B5D55-BED0-4E74-BF97-9327F9A9D656}"
	ProjectSection(WebsiteProperties) = preProject
		TargetFrameworkMoniker = ".NETFramework,Version%3Dv4.7.2"
		Debug.AspNetCompiler.VirtualPath = "/localhost_6229"
		Debug.AspNetCompiler.PhysicalPath = "RockWeb\"
		Debug.AspNetCompiler.TargetPath = "PrecompiledWeb\localhost_6229\"
		Debug.AspNetCompiler.Updateable = "true"
		Debug.AspNetCompiler.ForceOverwrite = "true"
		Debug.AspNetCompiler.FixedNames = "false"
		Debug.AspNetCompiler.Debug = "True"
		Release.AspNetCompiler.VirtualPath = "/localhost_6229"
		Release.AspNetCompiler.PhysicalPath = "RockWeb\"
		Release.AspNetCompiler.TargetPath = "PrecompiledWeb\localhost_6229\"
		Release.AspNetCompiler.Updateable = "true"
		Release.AspNetCompiler.ForceOverwrite = "true"
		Release.AspNetCompiler.FixedNames = "false"
		Release.AspNetCompiler.Debug = "False"
		VWDPort = "6229"
		SlnRelativePath = "RockWeb\"
	EndProjectSection
EndProject
Project("{FAE04EC0-301F-11D3-BF4B-00C04F79EFBC}") = "org.secc.Attributes", "RockPlugins\Plugins\org.secc.Attributes\org.secc.Attributes.csproj", "{26E16F57-E8A5-4DD0-AFCD-8537150B002B}"
EndProject
Project("{FAE04EC0-301F-11D3-BF4B-00C04F79EFBC}") = "org.secc.Authentication", "RockPlugins\Plugins\org.secc.Authentication\org.secc.Authentication.csproj", "{A480481F-1735-4CFF-BAF5-207AEA57E425}"
EndProject
Project("{FAE04EC0-301F-11D3-BF4B-00C04F79EFBC}") = "org.secc.ChangeManager", "RockPlugins\Plugins\org.secc.ChangeManager\org.secc.ChangeManager.csproj", "{F716C74C-D507-457A-A3CA-9F792DA8524B}"
EndProject
Project("{FAE04EC0-301F-11D3-BF4B-00C04F79EFBC}") = "org.secc.Cms", "RockPlugins\Plugins\org.secc.Cms\org.secc.Cms.csproj", "{9888DDD0-463D-40A5-A8C8-7B91248F72B5}"
EndProject
Project("{FAE04EC0-301F-11D3-BF4B-00C04F79EFBC}") = "org.secc.Communication", "RockPlugins\Plugins\org.secc.Communication\org.secc.Communication.csproj", "{D143EC52-46C8-4DE6-A531-013BEA80F549}"
EndProject
Project("{FAE04EC0-301F-11D3-BF4B-00C04F79EFBC}") = "org.secc.ConnectionCards", "RockPlugins\Plugins\org.secc.ConnectionCards\org.secc.ConnectionCards.csproj", "{ABCF176C-3BD3-491C-B02F-E9AAC42F1889}"
EndProject
Project("{FAE04EC0-301F-11D3-BF4B-00C04F79EFBC}") = "org.secc.ConnectionsDigest", "RockPlugins\Plugins\org.secc.ConnectionsDigest\org.secc.ConnectionsDigest.csproj", "{40881F39-F828-47C8-9789-A619EA2CC344}"
EndProject
Project("{FAE04EC0-301F-11D3-BF4B-00C04F79EFBC}") = "org.secc.CustomIcons", "RockPlugins\Plugins\org.secc.CustomIcons\org.secc.CustomIcons.csproj", "{9888DDD0-463D-40A5-A8C8-7B91248F72B6}"
EndProject
Project("{FAE04EC0-301F-11D3-BF4B-00C04F79EFBC}") = "org.secc.DevLib", "RockPlugins\Plugins\org.secc.DevLib\org.secc.DevLib.csproj", "{A6E9C252-AF5B-4FA6-BCE1-91A5540CBFB4}"
EndProject
Project("{FAE04EC0-301F-11D3-BF4B-00C04F79EFBC}") = "org.secc.EMS", "RockPlugins\Plugins\org.secc.EMS\org.secc.EMS.csproj", "{0278A4FE-C9E7-459F-9339-33E302F9CF7C}"
EndProject
Project("{FAE04EC0-301F-11D3-BF4B-00C04F79EFBC}") = "org.secc.Equip", "RockPlugins\Plugins\org.secc.Equip\org.secc.Equip.csproj", "{11AC9F5A-FE1D-433E-A680-20BB931A559D}"
EndProject
Project("{FAE04EC0-301F-11D3-BF4B-00C04F79EFBC}") = "org.secc.FamilyCheckin", "RockPlugins\Plugins\org.secc.FamilyCheckin\org.secc.FamilyCheckin.csproj", "{3E94706B-C20E-413F-AAFB-38AF995FE033}"
EndProject
Project("{FAE04EC0-301F-11D3-BF4B-00C04F79EFBC}") = "org.secc.Finance", "RockPlugins\Plugins\org.secc.Finance\org.secc.Finance.csproj", "{B4CB1348-F522-466B-95D4-3D3934B2CF92}"
EndProject
Project("{FAE04EC0-301F-11D3-BF4B-00C04F79EFBC}") = "org.secc.GroupManager", "RockPlugins\Plugins\org.secc.GroupManager\org.secc.GroupManager.csproj", "{8363043F-5C7E-4924-A8EE-D0D54E70AEC4}"
EndProject
Project("{FAE04EC0-301F-11D3-BF4B-00C04F79EFBC}") = "org.secc.Imaging", "RockPlugins\Plugins\org.secc.Imaging\org.secc.Imaging.csproj", "{C29F6616-7878-42D1-A7C5-DDAF08F203A7}"
EndProject
Project("{FAE04EC0-301F-11D3-BF4B-00C04F79EFBC}") = "org.secc.Jobs", "RockPlugins\Plugins\org.secc.Jobs\org.secc.Jobs.csproj", "{ABB08976-24F0-4DA8-9B59-4659E23C597D}"
EndProject
Project("{FAE04EC0-301F-11D3-BF4B-00C04F79EFBC}") = "org.secc.LeagueApps", "RockPlugins\Plugins\org.secc.LeagueApps\org.secc.LeagueApps.csproj", "{6FFAF0FE-3C58-4AED-9B15-7F50DE8F15A3}"
EndProject
Project("{FAE04EC0-301F-11D3-BF4B-00C04F79EFBC}") = "org.secc.LessInclude", "RockPlugins\Plugins\org.secc.LessInclude\org.secc.LessInclude.csproj", "{52C15888-6AFC-4A35-AC59-2241E62A5B04}"
EndProject
Project("{FAE04EC0-301F-11D3-BF4B-00C04F79EFBC}") = "org.secc.Mapping", "RockPlugins\Plugins\org.secc.Mapping\org.secc.Mapping.csproj", "{749EB2A1-5240-4A1F-A0A1-110EA282FF7E}"
EndProject
Project("{FAE04EC0-301F-11D3-BF4B-00C04F79EFBC}") = "org.secc.MetricsDigest", "RockPlugins\Plugins\org.secc.MetricsDigest\org.secc.MetricsDigest.csproj", "{FF4F86EA-07EC-4271-B00D-BCB29FF42752}"
EndProject
Project("{FAE04EC0-301F-11D3-BF4B-00C04F79EFBC}") = "org.secc.Microframe", "RockPlugins\Plugins\org.secc.Microframe\org.secc.Microframe.csproj", "{7DC4D600-45C7-47D4-8D00-70982CFFE9DE}"
EndProject
Project("{FAE04EC0-301F-11D3-BF4B-00C04F79EFBC}") = "org.secc.Migrations", "RockPlugins\Plugins\org.secc.Migrations\org.secc.Migrations.csproj", "{01A0BF68-19EC-4939-AF26-A685DC99CEC9}"
EndProject
Project("{FAE04EC0-301F-11D3-BF4B-00C04F79EFBC}") = "org.secc.OAuth", "RockPlugins\Plugins\org.secc.OAuth\org.secc.OAuth.csproj", "{E43836AD-ABCD-4347-ACA1-DC30BC410350}"
EndProject
Project("{FAE04EC0-301F-11D3-BF4B-00C04F79EFBC}") = "org.secc.PastoralCare", "RockPlugins\Plugins\org.secc.PastoralCare\org.secc.PastoralCare.csproj", "{ABCF176C-3BD3-491C-B02F-E9AAC42F1890}"
EndProject
Project("{FAE04EC0-301F-11D3-BF4B-00C04F79EFBC}") = "org.secc.PayFlowPro", "RockPlugins\Plugins\org.secc.PayFlowPro\org.secc.PayFlowPro.csproj", "{2FA9D879-5518-4F53-88B5-BA22F0513A9B}"
EndProject
Project("{FAE04EC0-301F-11D3-BF4B-00C04F79EFBC}") = "org.secc.PayPalExpress", "RockPlugins\Plugins\org.secc.PayPalExpress\org.secc.PayPalExpress.csproj", "{30BE037A-74BC-4764-A780-B17EC0702209}"
EndProject
Project("{FAE04EC0-301F-11D3-BF4B-00C04F79EFBC}") = "org.secc.PDF", "RockPlugins\Plugins\org.secc.PDF\org.secc.PDF.csproj", "{87D417B5-72E9-4B80-875B-3AAE79859C2A}"
EndProject
Project("{FAE04EC0-301F-11D3-BF4B-00C04F79EFBC}") = "org.secc.PersonMatch", "RockPlugins\Plugins\org.secc.PersonMatch\org.secc.PersonMatch.csproj", "{26CC0BA6-968B-4464-9992-D1D3510AF9AB}"
EndProject
Project("{FAE04EC0-301F-11D3-BF4B-00C04F79EFBC}") = "org.secc.Purchasing", "RockPlugins\Plugins\org.secc.Purchasing\org.secc.Purchasing.csproj", "{3F4DAD0D-96AD-4426-8752-4765199C6F6E}"
EndProject
Project("{FAE04EC0-301F-11D3-BF4B-00C04F79EFBC}") = "org.secc.QRManager", "RockPlugins\Plugins\org.secc.QRManager\org.secc.QRManager.csproj", "{95F034B1-4563-49AE-838F-3630DCECCA22}"
EndProject
Project("{FAE04EC0-301F-11D3-BF4B-00C04F79EFBC}") = "org.secc.RecurringCommunications", "RockPlugins\Plugins\org.secc.RecurringCommunications\org.secc.RecurringCommunications.csproj", "{13BE8167-EFA3-45DF-924D-469630047717}"
EndProject
Project("{FAE04EC0-301F-11D3-BF4B-00C04F79EFBC}") = "org.secc.Reporting", "RockPlugins\Plugins\org.secc.Reporting\org.secc.Reporting.csproj", "{0B07768D-003F-4EEF-AF53-168CC863FF59}"
EndProject
Project("{FAE04EC0-301F-11D3-BF4B-00C04F79EFBC}") = "org.secc.Rest", "RockPlugins\Plugins\org.secc.Rest\org.secc.Rest.csproj", "{4858B8BD-14B9-4C80-BA9D-FF593DB8BFFE}"
EndProject
Project("{FAE04EC0-301F-11D3-BF4B-00C04F79EFBC}") = "org.secc.RoomScanner", "RockPlugins\Plugins\org.secc.RoomScanner\org.secc.RoomScanner.csproj", "{1BC54C65-DA53-4438-8C1F-15D0727C7102}"
EndProject
Project("{FAE04EC0-301F-11D3-BF4B-00C04F79EFBC}") = "org.secc.SafetyAndSecurity", "RockPlugins\Plugins\org.secc.SafetyAndSecurity\org.secc.SafetyAndSecurity.csproj", "{D4460607-0543-4B74-9168-CCB634963886}"
EndProject
Project("{FAE04EC0-301F-11D3-BF4B-00C04F79EFBC}") = "org.secc.Sass", "RockPlugins\Plugins\org.secc.Sass\org.secc.Sass.csproj", "{99077097-E37E-464B-8CF6-1945B8161862}"
EndProject
Project("{FAE04EC0-301F-11D3-BF4B-00C04F79EFBC}") = "org.secc.Search", "RockPlugins\Plugins\org.secc.Search\org.secc.Search.csproj", "{B4CB1348-F522-466B-95D4-3D3934B2CF90}"
EndProject
Project("{FAE04EC0-301F-11D3-BF4B-00C04F79EFBC}") = "org.secc.Security", "RockPlugins\Plugins\org.secc.Security\org.secc.Security.csproj", "{BF93584E-0EE3-4087-BE0E-2A8F62225375}"
EndProject
Project("{FAE04EC0-301F-11D3-BF4B-00C04F79EFBC}") = "org.secc.ServiceReef", "RockPlugins\Plugins\org.secc.ServiceReef\org.secc.ServiceReef.csproj", "{44B97D7D-5463-41EA-BAD4-A70AA9066E5A}"
EndProject
Project("{FAE04EC0-301F-11D3-BF4B-00C04F79EFBC}") = "org.secc.SignNowWorkflow", "RockPlugins\Plugins\org.secc.SignNowWorkflow\org.secc.SignNowWorkflow.csproj", "{82A73C52-92CF-467C-B884-B771A3005FF2}"
EndProject
Project("{FAE04EC0-301F-11D3-BF4B-00C04F79EFBC}") = "org.secc.SportsAndFitness", "RockPlugins\Plugins\org.secc.SportsAndFitness\org.secc.SportsAndFitness.csproj", "{C79611E9-E2A1-4E4A-A0B9-884AE24D5727}"
EndProject
Project("{FAE04EC0-301F-11D3-BF4B-00C04F79EFBC}") = "org.secc.Trak1", "RockPlugins\Plugins\org.secc.Trak1\org.secc.Trak1.csproj", "{73BFD8C5-F4EE-454C-A932-6763E0F54270}"
EndProject
Project("{FAE04EC0-301F-11D3-BF4B-00C04F79EFBC}") = "org.secc.Widgities", "RockPlugins\Plugins\org.secc.Widgities\org.secc.Widgities.csproj", "{6DC19FD1-3DD5-45F1-916A-AA7797E886AB}"
EndProject
Project("{FAE04EC0-301F-11D3-BF4B-00C04F79EFBC}") = "org.secc.Workflow", "RockPlugins\Plugins\org.secc.Workflow\org.secc.Workflow.csproj", "{73BFD8C5-F4EE-454C-A932-6763E0F54271}"
EndProject
Project("{FAE04EC0-301F-11D3-BF4B-00C04F79EFBC}") = "org.secc.WorkflowLauncher", "RockPlugins\Plugins\org.secc.WorkflowLauncher\org.secc.WorkflowLauncher.csproj", "{308D10EB-C12E-478C-B472-ADE08FA16086}"
EndProject
Global
	GlobalSection(SolutionConfigurationPlatforms) = preSolution
		Debug|Any CPU = Debug|Any CPU
		Release|Any CPU = Release|Any CPU
	EndGlobalSection
	GlobalSection(ProjectConfigurationPlatforms) = postSolution
		{A6760D8F-2E1F-402E-A482-4B27D667A212}.Debug|Any CPU.ActiveCfg = Debug|Any CPU
		{A6760D8F-2E1F-402E-A482-4B27D667A212}.Debug|Any CPU.Build.0 = Debug|Any CPU
		{A6760D8F-2E1F-402E-A482-4B27D667A212}.Release|Any CPU.ActiveCfg = Release|Any CPU
		{A6760D8F-2E1F-402E-A482-4B27D667A212}.Release|Any CPU.Build.0 = Release|Any CPU
		{185A31D7-3037-4DAE-8797-0459849A84BD}.Debug|Any CPU.ActiveCfg = Debug|Any CPU
		{185A31D7-3037-4DAE-8797-0459849A84BD}.Debug|Any CPU.Build.0 = Debug|Any CPU
		{185A31D7-3037-4DAE-8797-0459849A84BD}.Release|Any CPU.ActiveCfg = Release|Any CPU
		{185A31D7-3037-4DAE-8797-0459849A84BD}.Release|Any CPU.Build.0 = Release|Any CPU
		{E8C5F154-201F-4C67-BCDC-34787DEFFEAE}.Debug|Any CPU.ActiveCfg = Debug|Any CPU
		{E8C5F154-201F-4C67-BCDC-34787DEFFEAE}.Debug|Any CPU.Build.0 = Debug|Any CPU
		{E8C5F154-201F-4C67-BCDC-34787DEFFEAE}.Release|Any CPU.ActiveCfg = Release|Any CPU
		{E8C5F154-201F-4C67-BCDC-34787DEFFEAE}.Release|Any CPU.Build.0 = Release|Any CPU
		{94A5F880-31AE-4889-B9BE-BA1FDC258E83}.Debug|Any CPU.ActiveCfg = Debug|Any CPU
		{94A5F880-31AE-4889-B9BE-BA1FDC258E83}.Debug|Any CPU.Build.0 = Debug|Any CPU
		{94A5F880-31AE-4889-B9BE-BA1FDC258E83}.Release|Any CPU.ActiveCfg = Release|Any CPU
		{94A5F880-31AE-4889-B9BE-BA1FDC258E83}.Release|Any CPU.Build.0 = Release|Any CPU
		{13568622-324E-4493-B605-C9896E725D30}.Debug|Any CPU.ActiveCfg = Debug|Any CPU
		{13568622-324E-4493-B605-C9896E725D30}.Debug|Any CPU.Build.0 = Debug|Any CPU
		{13568622-324E-4493-B605-C9896E725D30}.Release|Any CPU.ActiveCfg = Release|Any CPU
		{13568622-324E-4493-B605-C9896E725D30}.Release|Any CPU.Build.0 = Release|Any CPU
		{9AA23257-5C7B-474A-A7E9-16019993E491}.Debug|Any CPU.ActiveCfg = Debug|Any CPU
		{9AA23257-5C7B-474A-A7E9-16019993E491}.Debug|Any CPU.Build.0 = Debug|Any CPU
		{9AA23257-5C7B-474A-A7E9-16019993E491}.Release|Any CPU.ActiveCfg = Release|Any CPU
		{9AA23257-5C7B-474A-A7E9-16019993E491}.Release|Any CPU.Build.0 = Release|Any CPU
		{50174698-828B-49FB-8DD6-6F9D1B4651A4}.Debug|Any CPU.ActiveCfg = Debug|Any CPU
		{50174698-828B-49FB-8DD6-6F9D1B4651A4}.Debug|Any CPU.Build.0 = Debug|Any CPU
		{50174698-828B-49FB-8DD6-6F9D1B4651A4}.Release|Any CPU.ActiveCfg = Release|Any CPU
		{50174698-828B-49FB-8DD6-6F9D1B4651A4}.Release|Any CPU.Build.0 = Release|Any CPU
		{CADD9206-2C6B-42E4-B20B-2DFC3EB4D6D4}.Debug|Any CPU.ActiveCfg = Debug|Any CPU
		{CADD9206-2C6B-42E4-B20B-2DFC3EB4D6D4}.Debug|Any CPU.Build.0 = Debug|Any CPU
		{CADD9206-2C6B-42E4-B20B-2DFC3EB4D6D4}.Release|Any CPU.ActiveCfg = Release|Any CPU
		{CADD9206-2C6B-42E4-B20B-2DFC3EB4D6D4}.Release|Any CPU.Build.0 = Release|Any CPU
		{DEBE3E84-BE02-4840-9699-F1AEDEF26D49}.Debug|Any CPU.ActiveCfg = Debug|Any CPU
		{DEBE3E84-BE02-4840-9699-F1AEDEF26D49}.Debug|Any CPU.Build.0 = Debug|Any CPU
		{DEBE3E84-BE02-4840-9699-F1AEDEF26D49}.Release|Any CPU.ActiveCfg = Release|Any CPU
		{DEBE3E84-BE02-4840-9699-F1AEDEF26D49}.Release|Any CPU.Build.0 = Release|Any CPU
		{A4FB4B9B-3564-4C25-938C-4350A9515B24}.Debug|Any CPU.ActiveCfg = Debug|Any CPU
		{A4FB4B9B-3564-4C25-938C-4350A9515B24}.Debug|Any CPU.Build.0 = Debug|Any CPU
		{A4FB4B9B-3564-4C25-938C-4350A9515B24}.Release|Any CPU.ActiveCfg = Release|Any CPU
		{A4FB4B9B-3564-4C25-938C-4350A9515B24}.Release|Any CPU.Build.0 = Release|Any CPU
		{37E293DD-F282-4A34-91FA-5FB8503D5672}.Debug|Any CPU.ActiveCfg = Debug|Any CPU
		{37E293DD-F282-4A34-91FA-5FB8503D5672}.Debug|Any CPU.Build.0 = Debug|Any CPU
		{37E293DD-F282-4A34-91FA-5FB8503D5672}.Release|Any CPU.ActiveCfg = Release|Any CPU
		{37E293DD-F282-4A34-91FA-5FB8503D5672}.Release|Any CPU.Build.0 = Release|Any CPU
		{79AA470A-DC63-4CB4-B0B6-77285F60C69B}.Debug|Any CPU.ActiveCfg = Debug|Any CPU
		{79AA470A-DC63-4CB4-B0B6-77285F60C69B}.Debug|Any CPU.Build.0 = Debug|Any CPU
		{79AA470A-DC63-4CB4-B0B6-77285F60C69B}.Release|Any CPU.ActiveCfg = Release|Any CPU
		{79AA470A-DC63-4CB4-B0B6-77285F60C69B}.Release|Any CPU.Build.0 = Release|Any CPU
		{AFCE6F84-BF3A-4182-A816-8FB47AFC0305}.Debug|Any CPU.ActiveCfg = Debug|Any CPU
		{AFCE6F84-BF3A-4182-A816-8FB47AFC0305}.Debug|Any CPU.Build.0 = Debug|Any CPU
		{AFCE6F84-BF3A-4182-A816-8FB47AFC0305}.Release|Any CPU.ActiveCfg = Release|Any CPU
		{AFCE6F84-BF3A-4182-A816-8FB47AFC0305}.Release|Any CPU.Build.0 = Release|Any CPU
		{8820CD93-70EE-496D-B17B-0C4C68DD4957}.Debug|Any CPU.ActiveCfg = Debug|Any CPU
		{8820CD93-70EE-496D-B17B-0C4C68DD4957}.Debug|Any CPU.Build.0 = Debug|Any CPU
		{8820CD93-70EE-496D-B17B-0C4C68DD4957}.Release|Any CPU.ActiveCfg = Release|Any CPU
		{8820CD93-70EE-496D-B17B-0C4C68DD4957}.Release|Any CPU.Build.0 = Release|Any CPU
		{D6B19C0D-DA5E-4F75-8001-04DED86B741F}.Debug|Any CPU.ActiveCfg = Debug|Any CPU
		{D6B19C0D-DA5E-4F75-8001-04DED86B741F}.Debug|Any CPU.Build.0 = Debug|Any CPU
		{D6B19C0D-DA5E-4F75-8001-04DED86B741F}.Release|Any CPU.ActiveCfg = Release|Any CPU
		{D6B19C0D-DA5E-4F75-8001-04DED86B741F}.Release|Any CPU.Build.0 = Release|Any CPU
		{704740D8-B539-4560-9F8C-681670C9D6AD}.Debug|Any CPU.ActiveCfg = Debug|Any CPU
		{704740D8-B539-4560-9F8C-681670C9D6AD}.Debug|Any CPU.Build.0 = Debug|Any CPU
		{704740D8-B539-4560-9F8C-681670C9D6AD}.Release|Any CPU.ActiveCfg = Release|Any CPU
		{704740D8-B539-4560-9F8C-681670C9D6AD}.Release|Any CPU.Build.0 = Release|Any CPU
		{CF8C694A-55A0-434F-BC96-3450B96EC12A}.Debug|Any CPU.ActiveCfg = Debug|Any CPU
		{CF8C694A-55A0-434F-BC96-3450B96EC12A}.Debug|Any CPU.Build.0 = Debug|Any CPU
		{CF8C694A-55A0-434F-BC96-3450B96EC12A}.Release|Any CPU.ActiveCfg = Release|Any CPU
		{CF8C694A-55A0-434F-BC96-3450B96EC12A}.Release|Any CPU.Build.0 = Release|Any CPU
		{13711BED-69DD-4182-9BB5-B3C9A4DE32DF}.Debug|Any CPU.ActiveCfg = Debug|Any CPU
		{13711BED-69DD-4182-9BB5-B3C9A4DE32DF}.Debug|Any CPU.Build.0 = Debug|Any CPU
		{13711BED-69DD-4182-9BB5-B3C9A4DE32DF}.Release|Any CPU.ActiveCfg = Release|Any CPU
		{13711BED-69DD-4182-9BB5-B3C9A4DE32DF}.Release|Any CPU.Build.0 = Release|Any CPU
		{F3692909-952D-4C4A-B2D2-D90D0083CF53}.Debug|Any CPU.ActiveCfg = Debug|Any CPU
		{F3692909-952D-4C4A-B2D2-D90D0083CF53}.Debug|Any CPU.Build.0 = Debug|Any CPU
		{F3692909-952D-4C4A-B2D2-D90D0083CF53}.Release|Any CPU.ActiveCfg = Release|Any CPU
		{F3692909-952D-4C4A-B2D2-D90D0083CF53}.Release|Any CPU.Build.0 = Release|Any CPU
		{8CCB8E2A-073C-48CB-B31A-621EC5430A42}.Debug|Any CPU.ActiveCfg = Debug|Any CPU
		{8CCB8E2A-073C-48CB-B31A-621EC5430A42}.Debug|Any CPU.Build.0 = Debug|Any CPU
		{8CCB8E2A-073C-48CB-B31A-621EC5430A42}.Release|Any CPU.ActiveCfg = Release|Any CPU
		{8CCB8E2A-073C-48CB-B31A-621EC5430A42}.Release|Any CPU.Build.0 = Release|Any CPU
		{A005D091-140E-4EC4-BCDF-CF7D42BB702C}.Debug|Any CPU.ActiveCfg = Debug|Any CPU
		{A005D091-140E-4EC4-BCDF-CF7D42BB702C}.Debug|Any CPU.Build.0 = Debug|Any CPU
		{A005D091-140E-4EC4-BCDF-CF7D42BB702C}.Release|Any CPU.ActiveCfg = Release|Any CPU
		{A005D091-140E-4EC4-BCDF-CF7D42BB702C}.Release|Any CPU.Build.0 = Release|Any CPU
		{ADD1EDD0-A4CB-4E82-B6AD-6AD1D556DEAE}.Debug|Any CPU.ActiveCfg = Debug|Any CPU
		{ADD1EDD0-A4CB-4E82-B6AD-6AD1D556DEAE}.Debug|Any CPU.Build.0 = Debug|Any CPU
		{ADD1EDD0-A4CB-4E82-B6AD-6AD1D556DEAE}.Release|Any CPU.ActiveCfg = Release|Any CPU
		{ADD1EDD0-A4CB-4E82-B6AD-6AD1D556DEAE}.Release|Any CPU.Build.0 = Release|Any CPU
		{5055F482-72C7-4CC9-8ED0-A77090C777DB}.Debug|Any CPU.ActiveCfg = Debug|Any CPU
		{5055F482-72C7-4CC9-8ED0-A77090C777DB}.Debug|Any CPU.Build.0 = Debug|Any CPU
		{5055F482-72C7-4CC9-8ED0-A77090C777DB}.Release|Any CPU.ActiveCfg = Release|Any CPU
		{5055F482-72C7-4CC9-8ED0-A77090C777DB}.Release|Any CPU.Build.0 = Release|Any CPU
		{205F439A-2CCC-42C1-B1AB-09E1B629D88C}.Debug|Any CPU.ActiveCfg = Debug|Any CPU
		{205F439A-2CCC-42C1-B1AB-09E1B629D88C}.Debug|Any CPU.Build.0 = Debug|Any CPU
		{205F439A-2CCC-42C1-B1AB-09E1B629D88C}.Release|Any CPU.ActiveCfg = Release|Any CPU
		{205F439A-2CCC-42C1-B1AB-09E1B629D88C}.Release|Any CPU.Build.0 = Release|Any CPU
		{1F5956F2-2B0F-49B8-AAF1-2CC28F01426A}.Debug|Any CPU.ActiveCfg = Debug|Any CPU
		{1F5956F2-2B0F-49B8-AAF1-2CC28F01426A}.Debug|Any CPU.Build.0 = Debug|Any CPU
		{1F5956F2-2B0F-49B8-AAF1-2CC28F01426A}.Release|Any CPU.ActiveCfg = Release|Any CPU
		{1F5956F2-2B0F-49B8-AAF1-2CC28F01426A}.Release|Any CPU.Build.0 = Release|Any CPU
		{C1DD2402-5FB2-411E-BF8D-5D9CB3A58E8B}.Debug|Any CPU.ActiveCfg = Debug|Any CPU
		{C1DD2402-5FB2-411E-BF8D-5D9CB3A58E8B}.Debug|Any CPU.Build.0 = Debug|Any CPU
		{C1DD2402-5FB2-411E-BF8D-5D9CB3A58E8B}.Release|Any CPU.ActiveCfg = Release|Any CPU
		{C1DD2402-5FB2-411E-BF8D-5D9CB3A58E8B}.Release|Any CPU.Build.0 = Release|Any CPU
		{962944DE-8BF4-4175-B55A-E75CF7918272}.Debug|Any CPU.ActiveCfg = Debug|Any CPU
		{962944DE-8BF4-4175-B55A-E75CF7918272}.Debug|Any CPU.Build.0 = Debug|Any CPU
		{962944DE-8BF4-4175-B55A-E75CF7918272}.Release|Any CPU.ActiveCfg = Release|Any CPU
		{962944DE-8BF4-4175-B55A-E75CF7918272}.Release|Any CPU.Build.0 = Release|Any CPU
		{42EDF2DD-5284-4B64-93C3-5186619D2B14}.Debug|Any CPU.ActiveCfg = Debug|Any CPU
		{42EDF2DD-5284-4B64-93C3-5186619D2B14}.Debug|Any CPU.Build.0 = Debug|Any CPU
		{42EDF2DD-5284-4B64-93C3-5186619D2B14}.Release|Any CPU.ActiveCfg = Release|Any CPU
		{42EDF2DD-5284-4B64-93C3-5186619D2B14}.Release|Any CPU.Build.0 = Release|Any CPU
		{9BB83636-1C9C-4A3F-9C18-5CFDB1EC720A}.Debug|Any CPU.ActiveCfg = Debug|Any CPU
		{9BB83636-1C9C-4A3F-9C18-5CFDB1EC720A}.Debug|Any CPU.Build.0 = Debug|Any CPU
		{9BB83636-1C9C-4A3F-9C18-5CFDB1EC720A}.Release|Any CPU.ActiveCfg = Release|Any CPU
		{9BB83636-1C9C-4A3F-9C18-5CFDB1EC720A}.Release|Any CPU.Build.0 = Release|Any CPU
		{D8DE32C9-25DA-4897-A750-7DD8755B3D45}.Debug|Any CPU.ActiveCfg = Debug|Any CPU
		{D8DE32C9-25DA-4897-A750-7DD8755B3D45}.Debug|Any CPU.Build.0 = Debug|Any CPU
		{D8DE32C9-25DA-4897-A750-7DD8755B3D45}.Release|Any CPU.ActiveCfg = Release|Any CPU
		{D8DE32C9-25DA-4897-A750-7DD8755B3D45}.Release|Any CPU.Build.0 = Release|Any CPU
		{F6BEC5AC-D8E1-48ED-921F-D7D2EB58BF7D}.Debug|Any CPU.ActiveCfg = Debug|Any CPU
		{F6BEC5AC-D8E1-48ED-921F-D7D2EB58BF7D}.Debug|Any CPU.Build.0 = Debug|Any CPU
		{F6BEC5AC-D8E1-48ED-921F-D7D2EB58BF7D}.Release|Any CPU.ActiveCfg = Release|Any CPU
		{F6BEC5AC-D8E1-48ED-921F-D7D2EB58BF7D}.Release|Any CPU.Build.0 = Release|Any CPU
		{B62B27C8-1F77-43CF-8EE7-30DE7F93FACD}.Debug|Any CPU.ActiveCfg = Debug|Any CPU
		{B62B27C8-1F77-43CF-8EE7-30DE7F93FACD}.Debug|Any CPU.Build.0 = Debug|Any CPU
		{B62B27C8-1F77-43CF-8EE7-30DE7F93FACD}.Release|Any CPU.ActiveCfg = Release|Any CPU
		{B62B27C8-1F77-43CF-8EE7-30DE7F93FACD}.Release|Any CPU.Build.0 = Release|Any CPU
		{6FE0930C-6832-4C2F-8A76-D4E4A2D80DDF}.Debug|Any CPU.ActiveCfg = Debug|Any CPU
		{6FE0930C-6832-4C2F-8A76-D4E4A2D80DDF}.Debug|Any CPU.Build.0 = Debug|Any CPU
		{6FE0930C-6832-4C2F-8A76-D4E4A2D80DDF}.Release|Any CPU.ActiveCfg = Release|Any CPU
		{6FE0930C-6832-4C2F-8A76-D4E4A2D80DDF}.Release|Any CPU.Build.0 = Release|Any CPU
		{05BAAF85-9C53-4CCD-A535-036427B0DF72}.Debug|Any CPU.ActiveCfg = Debug|Any CPU
		{05BAAF85-9C53-4CCD-A535-036427B0DF72}.Debug|Any CPU.Build.0 = Debug|Any CPU
		{05BAAF85-9C53-4CCD-A535-036427B0DF72}.Release|Any CPU.ActiveCfg = Release|Any CPU
		{05BAAF85-9C53-4CCD-A535-036427B0DF72}.Release|Any CPU.Build.0 = Release|Any CPU
		{515E22E4-4B9B-4886-8477-E5B312B75EB4}.Debug|Any CPU.ActiveCfg = Debug|Any CPU
		{515E22E4-4B9B-4886-8477-E5B312B75EB4}.Debug|Any CPU.Build.0 = Debug|Any CPU
		{515E22E4-4B9B-4886-8477-E5B312B75EB4}.Release|Any CPU.ActiveCfg = Release|Any CPU
		{515E22E4-4B9B-4886-8477-E5B312B75EB4}.Release|Any CPU.Build.0 = Release|Any CPU
		{69AC175C-3997-4514-8C9E-5D24811928C2}.Debug|Any CPU.ActiveCfg = Debug|Any CPU
		{69AC175C-3997-4514-8C9E-5D24811928C2}.Debug|Any CPU.Build.0 = Debug|Any CPU
		{69AC175C-3997-4514-8C9E-5D24811928C2}.Release|Any CPU.ActiveCfg = Release|Any CPU
		{69AC175C-3997-4514-8C9E-5D24811928C2}.Release|Any CPU.Build.0 = Release|Any CPU
		{E43B5D55-BED0-4E74-BF97-9327F9A9D656}.Debug|Any CPU.ActiveCfg = Debug|Any CPU
		{E43B5D55-BED0-4E74-BF97-9327F9A9D656}.Debug|Any CPU.Build.0 = Debug|Any CPU
		{E43B5D55-BED0-4E74-BF97-9327F9A9D656}.Release|Any CPU.ActiveCfg = Debug|Any CPU
		{E43B5D55-BED0-4E74-BF97-9327F9A9D656}.Release|Any CPU.Build.0 = Debug|Any CPU
		{26E16F57-E8A5-4DD0-AFCD-8537150B002B}.Debug|Any CPU.ActiveCfg = Debug|Any CPU
		{26E16F57-E8A5-4DD0-AFCD-8537150B002B}.Debug|Any CPU.Build.0 = Debug|Any CPU
		{26E16F57-E8A5-4DD0-AFCD-8537150B002B}.Release|Any CPU.ActiveCfg = Release|Any CPU
		{26E16F57-E8A5-4DD0-AFCD-8537150B002B}.Release|Any CPU.Build.0 = Release|Any CPU
		{A480481F-1735-4CFF-BAF5-207AEA57E425}.Debug|Any CPU.ActiveCfg = Debug|Any CPU
		{A480481F-1735-4CFF-BAF5-207AEA57E425}.Debug|Any CPU.Build.0 = Debug|Any CPU
		{A480481F-1735-4CFF-BAF5-207AEA57E425}.Release|Any CPU.ActiveCfg = Release|Any CPU
		{A480481F-1735-4CFF-BAF5-207AEA57E425}.Release|Any CPU.Build.0 = Release|Any CPU
		{F716C74C-D507-457A-A3CA-9F792DA8524B}.Debug|Any CPU.ActiveCfg = Debug|Any CPU
		{F716C74C-D507-457A-A3CA-9F792DA8524B}.Debug|Any CPU.Build.0 = Debug|Any CPU
		{F716C74C-D507-457A-A3CA-9F792DA8524B}.Release|Any CPU.ActiveCfg = Release|Any CPU
		{F716C74C-D507-457A-A3CA-9F792DA8524B}.Release|Any CPU.Build.0 = Release|Any CPU
		{9888DDD0-463D-40A5-A8C8-7B91248F72B5}.Debug|Any CPU.ActiveCfg = Debug|Any CPU
		{9888DDD0-463D-40A5-A8C8-7B91248F72B5}.Debug|Any CPU.Build.0 = Debug|Any CPU
		{9888DDD0-463D-40A5-A8C8-7B91248F72B5}.Release|Any CPU.ActiveCfg = Release|Any CPU
		{9888DDD0-463D-40A5-A8C8-7B91248F72B5}.Release|Any CPU.Build.0 = Release|Any CPU
		{D143EC52-46C8-4DE6-A531-013BEA80F549}.Debug|Any CPU.ActiveCfg = Debug|Any CPU
		{D143EC52-46C8-4DE6-A531-013BEA80F549}.Debug|Any CPU.Build.0 = Debug|Any CPU
		{D143EC52-46C8-4DE6-A531-013BEA80F549}.Release|Any CPU.ActiveCfg = Release|Any CPU
		{D143EC52-46C8-4DE6-A531-013BEA80F549}.Release|Any CPU.Build.0 = Release|Any CPU
		{ABCF176C-3BD3-491C-B02F-E9AAC42F1889}.Debug|Any CPU.ActiveCfg = Debug|Any CPU
		{ABCF176C-3BD3-491C-B02F-E9AAC42F1889}.Debug|Any CPU.Build.0 = Debug|Any CPU
		{ABCF176C-3BD3-491C-B02F-E9AAC42F1889}.Release|Any CPU.ActiveCfg = Release|Any CPU
		{ABCF176C-3BD3-491C-B02F-E9AAC42F1889}.Release|Any CPU.Build.0 = Release|Any CPU
		{40881F39-F828-47C8-9789-A619EA2CC344}.Debug|Any CPU.ActiveCfg = Debug|Any CPU
		{40881F39-F828-47C8-9789-A619EA2CC344}.Debug|Any CPU.Build.0 = Debug|Any CPU
		{40881F39-F828-47C8-9789-A619EA2CC344}.Release|Any CPU.ActiveCfg = Release|Any CPU
		{40881F39-F828-47C8-9789-A619EA2CC344}.Release|Any CPU.Build.0 = Release|Any CPU
		{9888DDD0-463D-40A5-A8C8-7B91248F72B6}.Debug|Any CPU.ActiveCfg = Debug|Any CPU
		{9888DDD0-463D-40A5-A8C8-7B91248F72B6}.Debug|Any CPU.Build.0 = Debug|Any CPU
		{9888DDD0-463D-40A5-A8C8-7B91248F72B6}.Release|Any CPU.ActiveCfg = Release|Any CPU
		{9888DDD0-463D-40A5-A8C8-7B91248F72B6}.Release|Any CPU.Build.0 = Release|Any CPU
		{A6E9C252-AF5B-4FA6-BCE1-91A5540CBFB4}.Debug|Any CPU.ActiveCfg = Debug|Any CPU
		{A6E9C252-AF5B-4FA6-BCE1-91A5540CBFB4}.Debug|Any CPU.Build.0 = Debug|Any CPU
		{A6E9C252-AF5B-4FA6-BCE1-91A5540CBFB4}.Release|Any CPU.ActiveCfg = Release|Any CPU
		{A6E9C252-AF5B-4FA6-BCE1-91A5540CBFB4}.Release|Any CPU.Build.0 = Release|Any CPU
		{0278A4FE-C9E7-459F-9339-33E302F9CF7C}.Debug|Any CPU.ActiveCfg = Debug|Any CPU
		{0278A4FE-C9E7-459F-9339-33E302F9CF7C}.Debug|Any CPU.Build.0 = Debug|Any CPU
		{0278A4FE-C9E7-459F-9339-33E302F9CF7C}.Release|Any CPU.ActiveCfg = Release|Any CPU
		{0278A4FE-C9E7-459F-9339-33E302F9CF7C}.Release|Any CPU.Build.0 = Release|Any CPU
		{11AC9F5A-FE1D-433E-A680-20BB931A559D}.Debug|Any CPU.ActiveCfg = Debug|Any CPU
		{11AC9F5A-FE1D-433E-A680-20BB931A559D}.Debug|Any CPU.Build.0 = Debug|Any CPU
		{11AC9F5A-FE1D-433E-A680-20BB931A559D}.Release|Any CPU.ActiveCfg = Release|Any CPU
		{11AC9F5A-FE1D-433E-A680-20BB931A559D}.Release|Any CPU.Build.0 = Release|Any CPU
		{3E94706B-C20E-413F-AAFB-38AF995FE033}.Debug|Any CPU.ActiveCfg = Debug|Any CPU
		{3E94706B-C20E-413F-AAFB-38AF995FE033}.Debug|Any CPU.Build.0 = Debug|Any CPU
		{3E94706B-C20E-413F-AAFB-38AF995FE033}.Release|Any CPU.ActiveCfg = Release|Any CPU
		{3E94706B-C20E-413F-AAFB-38AF995FE033}.Release|Any CPU.Build.0 = Release|Any CPU
		{B4CB1348-F522-466B-95D4-3D3934B2CF92}.Debug|Any CPU.ActiveCfg = Debug|Any CPU
		{B4CB1348-F522-466B-95D4-3D3934B2CF92}.Debug|Any CPU.Build.0 = Debug|Any CPU
		{B4CB1348-F522-466B-95D4-3D3934B2CF92}.Release|Any CPU.ActiveCfg = Release|Any CPU
		{B4CB1348-F522-466B-95D4-3D3934B2CF92}.Release|Any CPU.Build.0 = Release|Any CPU
		{8363043F-5C7E-4924-A8EE-D0D54E70AEC4}.Debug|Any CPU.ActiveCfg = Debug|Any CPU
		{8363043F-5C7E-4924-A8EE-D0D54E70AEC4}.Debug|Any CPU.Build.0 = Debug|Any CPU
		{8363043F-5C7E-4924-A8EE-D0D54E70AEC4}.Release|Any CPU.ActiveCfg = Release|Any CPU
		{8363043F-5C7E-4924-A8EE-D0D54E70AEC4}.Release|Any CPU.Build.0 = Release|Any CPU
		{C29F6616-7878-42D1-A7C5-DDAF08F203A7}.Debug|Any CPU.ActiveCfg = Debug|Any CPU
		{C29F6616-7878-42D1-A7C5-DDAF08F203A7}.Debug|Any CPU.Build.0 = Debug|Any CPU
		{C29F6616-7878-42D1-A7C5-DDAF08F203A7}.Release|Any CPU.ActiveCfg = Release|Any CPU
		{C29F6616-7878-42D1-A7C5-DDAF08F203A7}.Release|Any CPU.Build.0 = Release|Any CPU
		{ABB08976-24F0-4DA8-9B59-4659E23C597D}.Debug|Any CPU.ActiveCfg = Debug|Any CPU
		{ABB08976-24F0-4DA8-9B59-4659E23C597D}.Debug|Any CPU.Build.0 = Debug|Any CPU
		{ABB08976-24F0-4DA8-9B59-4659E23C597D}.Release|Any CPU.ActiveCfg = Release|Any CPU
		{ABB08976-24F0-4DA8-9B59-4659E23C597D}.Release|Any CPU.Build.0 = Release|Any CPU
		{6FFAF0FE-3C58-4AED-9B15-7F50DE8F15A3}.Debug|Any CPU.ActiveCfg = Debug|Any CPU
		{6FFAF0FE-3C58-4AED-9B15-7F50DE8F15A3}.Debug|Any CPU.Build.0 = Debug|Any CPU
		{6FFAF0FE-3C58-4AED-9B15-7F50DE8F15A3}.Release|Any CPU.ActiveCfg = Release|Any CPU
		{6FFAF0FE-3C58-4AED-9B15-7F50DE8F15A3}.Release|Any CPU.Build.0 = Release|Any CPU
		{52C15888-6AFC-4A35-AC59-2241E62A5B04}.Debug|Any CPU.ActiveCfg = Debug|Any CPU
		{52C15888-6AFC-4A35-AC59-2241E62A5B04}.Debug|Any CPU.Build.0 = Debug|Any CPU
		{52C15888-6AFC-4A35-AC59-2241E62A5B04}.Release|Any CPU.ActiveCfg = Release|Any CPU
		{52C15888-6AFC-4A35-AC59-2241E62A5B04}.Release|Any CPU.Build.0 = Release|Any CPU
		{749EB2A1-5240-4A1F-A0A1-110EA282FF7E}.Debug|Any CPU.ActiveCfg = Debug|Any CPU
		{749EB2A1-5240-4A1F-A0A1-110EA282FF7E}.Debug|Any CPU.Build.0 = Debug|Any CPU
		{749EB2A1-5240-4A1F-A0A1-110EA282FF7E}.Release|Any CPU.ActiveCfg = Release|Any CPU
		{749EB2A1-5240-4A1F-A0A1-110EA282FF7E}.Release|Any CPU.Build.0 = Release|Any CPU
		{FF4F86EA-07EC-4271-B00D-BCB29FF42752}.Debug|Any CPU.ActiveCfg = Debug|Any CPU
		{FF4F86EA-07EC-4271-B00D-BCB29FF42752}.Debug|Any CPU.Build.0 = Debug|Any CPU
		{FF4F86EA-07EC-4271-B00D-BCB29FF42752}.Release|Any CPU.ActiveCfg = Release|Any CPU
		{FF4F86EA-07EC-4271-B00D-BCB29FF42752}.Release|Any CPU.Build.0 = Release|Any CPU
		{7DC4D600-45C7-47D4-8D00-70982CFFE9DE}.Debug|Any CPU.ActiveCfg = Debug|Any CPU
		{7DC4D600-45C7-47D4-8D00-70982CFFE9DE}.Debug|Any CPU.Build.0 = Debug|Any CPU
		{7DC4D600-45C7-47D4-8D00-70982CFFE9DE}.Release|Any CPU.ActiveCfg = Release|Any CPU
		{7DC4D600-45C7-47D4-8D00-70982CFFE9DE}.Release|Any CPU.Build.0 = Release|Any CPU
		{01A0BF68-19EC-4939-AF26-A685DC99CEC9}.Debug|Any CPU.ActiveCfg = Debug|Any CPU
		{01A0BF68-19EC-4939-AF26-A685DC99CEC9}.Debug|Any CPU.Build.0 = Debug|Any CPU
		{01A0BF68-19EC-4939-AF26-A685DC99CEC9}.Release|Any CPU.ActiveCfg = Release|Any CPU
		{01A0BF68-19EC-4939-AF26-A685DC99CEC9}.Release|Any CPU.Build.0 = Release|Any CPU
		{E43836AD-ABCD-4347-ACA1-DC30BC410350}.Debug|Any CPU.ActiveCfg = Debug|Any CPU
		{E43836AD-ABCD-4347-ACA1-DC30BC410350}.Debug|Any CPU.Build.0 = Debug|Any CPU
		{E43836AD-ABCD-4347-ACA1-DC30BC410350}.Release|Any CPU.ActiveCfg = Release|Any CPU
		{E43836AD-ABCD-4347-ACA1-DC30BC410350}.Release|Any CPU.Build.0 = Release|Any CPU
		{ABCF176C-3BD3-491C-B02F-E9AAC42F1890}.Debug|Any CPU.ActiveCfg = Debug|Any CPU
		{ABCF176C-3BD3-491C-B02F-E9AAC42F1890}.Debug|Any CPU.Build.0 = Debug|Any CPU
		{ABCF176C-3BD3-491C-B02F-E9AAC42F1890}.Release|Any CPU.ActiveCfg = Release|Any CPU
		{ABCF176C-3BD3-491C-B02F-E9AAC42F1890}.Release|Any CPU.Build.0 = Release|Any CPU
		{2FA9D879-5518-4F53-88B5-BA22F0513A9B}.Debug|Any CPU.ActiveCfg = Debug|Any CPU
		{2FA9D879-5518-4F53-88B5-BA22F0513A9B}.Debug|Any CPU.Build.0 = Debug|Any CPU
		{2FA9D879-5518-4F53-88B5-BA22F0513A9B}.Release|Any CPU.ActiveCfg = Release|Any CPU
		{2FA9D879-5518-4F53-88B5-BA22F0513A9B}.Release|Any CPU.Build.0 = Release|Any CPU
		{30BE037A-74BC-4764-A780-B17EC0702209}.Debug|Any CPU.ActiveCfg = Debug|Any CPU
		{30BE037A-74BC-4764-A780-B17EC0702209}.Debug|Any CPU.Build.0 = Debug|Any CPU
		{30BE037A-74BC-4764-A780-B17EC0702209}.Release|Any CPU.ActiveCfg = Release|Any CPU
		{30BE037A-74BC-4764-A780-B17EC0702209}.Release|Any CPU.Build.0 = Release|Any CPU
		{87D417B5-72E9-4B80-875B-3AAE79859C2A}.Debug|Any CPU.ActiveCfg = Debug|Any CPU
		{87D417B5-72E9-4B80-875B-3AAE79859C2A}.Debug|Any CPU.Build.0 = Debug|Any CPU
		{87D417B5-72E9-4B80-875B-3AAE79859C2A}.Release|Any CPU.ActiveCfg = Release|Any CPU
		{87D417B5-72E9-4B80-875B-3AAE79859C2A}.Release|Any CPU.Build.0 = Release|Any CPU
		{26CC0BA6-968B-4464-9992-D1D3510AF9AB}.Debug|Any CPU.ActiveCfg = Debug|Any CPU
		{26CC0BA6-968B-4464-9992-D1D3510AF9AB}.Debug|Any CPU.Build.0 = Debug|Any CPU
		{26CC0BA6-968B-4464-9992-D1D3510AF9AB}.Release|Any CPU.ActiveCfg = Release|Any CPU
		{26CC0BA6-968B-4464-9992-D1D3510AF9AB}.Release|Any CPU.Build.0 = Release|Any CPU
		{3F4DAD0D-96AD-4426-8752-4765199C6F6E}.Debug|Any CPU.ActiveCfg = Debug|Any CPU
		{3F4DAD0D-96AD-4426-8752-4765199C6F6E}.Debug|Any CPU.Build.0 = Debug|Any CPU
		{3F4DAD0D-96AD-4426-8752-4765199C6F6E}.Release|Any CPU.ActiveCfg = Release|Any CPU
		{3F4DAD0D-96AD-4426-8752-4765199C6F6E}.Release|Any CPU.Build.0 = Release|Any CPU
		{95F034B1-4563-49AE-838F-3630DCECCA22}.Debug|Any CPU.ActiveCfg = Debug|Any CPU
		{95F034B1-4563-49AE-838F-3630DCECCA22}.Debug|Any CPU.Build.0 = Debug|Any CPU
		{95F034B1-4563-49AE-838F-3630DCECCA22}.Release|Any CPU.ActiveCfg = Release|Any CPU
		{95F034B1-4563-49AE-838F-3630DCECCA22}.Release|Any CPU.Build.0 = Release|Any CPU
		{13BE8167-EFA3-45DF-924D-469630047717}.Debug|Any CPU.ActiveCfg = Debug|Any CPU
		{13BE8167-EFA3-45DF-924D-469630047717}.Debug|Any CPU.Build.0 = Debug|Any CPU
		{13BE8167-EFA3-45DF-924D-469630047717}.Release|Any CPU.ActiveCfg = Release|Any CPU
		{13BE8167-EFA3-45DF-924D-469630047717}.Release|Any CPU.Build.0 = Release|Any CPU
		{0B07768D-003F-4EEF-AF53-168CC863FF59}.Debug|Any CPU.ActiveCfg = Debug|Any CPU
		{0B07768D-003F-4EEF-AF53-168CC863FF59}.Debug|Any CPU.Build.0 = Debug|Any CPU
		{0B07768D-003F-4EEF-AF53-168CC863FF59}.Release|Any CPU.ActiveCfg = Release|Any CPU
		{0B07768D-003F-4EEF-AF53-168CC863FF59}.Release|Any CPU.Build.0 = Release|Any CPU
		{4858B8BD-14B9-4C80-BA9D-FF593DB8BFFE}.Debug|Any CPU.ActiveCfg = Debug|Any CPU
		{4858B8BD-14B9-4C80-BA9D-FF593DB8BFFE}.Debug|Any CPU.Build.0 = Debug|Any CPU
		{4858B8BD-14B9-4C80-BA9D-FF593DB8BFFE}.Release|Any CPU.ActiveCfg = Release|Any CPU
		{4858B8BD-14B9-4C80-BA9D-FF593DB8BFFE}.Release|Any CPU.Build.0 = Release|Any CPU
		{1BC54C65-DA53-4438-8C1F-15D0727C7102}.Debug|Any CPU.ActiveCfg = Debug|Any CPU
		{1BC54C65-DA53-4438-8C1F-15D0727C7102}.Debug|Any CPU.Build.0 = Debug|Any CPU
		{1BC54C65-DA53-4438-8C1F-15D0727C7102}.Release|Any CPU.ActiveCfg = Release|Any CPU
		{1BC54C65-DA53-4438-8C1F-15D0727C7102}.Release|Any CPU.Build.0 = Release|Any CPU
		{D4460607-0543-4B74-9168-CCB634963886}.Debug|Any CPU.ActiveCfg = Debug|Any CPU
		{D4460607-0543-4B74-9168-CCB634963886}.Debug|Any CPU.Build.0 = Debug|Any CPU
		{D4460607-0543-4B74-9168-CCB634963886}.Release|Any CPU.ActiveCfg = Release|Any CPU
		{D4460607-0543-4B74-9168-CCB634963886}.Release|Any CPU.Build.0 = Release|Any CPU
		{99077097-E37E-464B-8CF6-1945B8161862}.Debug|Any CPU.ActiveCfg = Debug|Any CPU
		{99077097-E37E-464B-8CF6-1945B8161862}.Debug|Any CPU.Build.0 = Debug|Any CPU
		{99077097-E37E-464B-8CF6-1945B8161862}.Release|Any CPU.ActiveCfg = Release|Any CPU
		{99077097-E37E-464B-8CF6-1945B8161862}.Release|Any CPU.Build.0 = Release|Any CPU
		{B4CB1348-F522-466B-95D4-3D3934B2CF90}.Debug|Any CPU.ActiveCfg = Debug|Any CPU
		{B4CB1348-F522-466B-95D4-3D3934B2CF90}.Debug|Any CPU.Build.0 = Debug|Any CPU
		{B4CB1348-F522-466B-95D4-3D3934B2CF90}.Release|Any CPU.ActiveCfg = Release|Any CPU
		{B4CB1348-F522-466B-95D4-3D3934B2CF90}.Release|Any CPU.Build.0 = Release|Any CPU
		{BF93584E-0EE3-4087-BE0E-2A8F62225375}.Debug|Any CPU.ActiveCfg = Debug|Any CPU
		{BF93584E-0EE3-4087-BE0E-2A8F62225375}.Debug|Any CPU.Build.0 = Debug|Any CPU
		{BF93584E-0EE3-4087-BE0E-2A8F62225375}.Release|Any CPU.ActiveCfg = Release|Any CPU
		{BF93584E-0EE3-4087-BE0E-2A8F62225375}.Release|Any CPU.Build.0 = Release|Any CPU
		{44B97D7D-5463-41EA-BAD4-A70AA9066E5A}.Debug|Any CPU.ActiveCfg = Debug|Any CPU
		{44B97D7D-5463-41EA-BAD4-A70AA9066E5A}.Debug|Any CPU.Build.0 = Debug|Any CPU
		{44B97D7D-5463-41EA-BAD4-A70AA9066E5A}.Release|Any CPU.ActiveCfg = Release|Any CPU
		{44B97D7D-5463-41EA-BAD4-A70AA9066E5A}.Release|Any CPU.Build.0 = Release|Any CPU
		{82A73C52-92CF-467C-B884-B771A3005FF2}.Debug|Any CPU.ActiveCfg = Debug|Any CPU
		{82A73C52-92CF-467C-B884-B771A3005FF2}.Debug|Any CPU.Build.0 = Debug|Any CPU
		{82A73C52-92CF-467C-B884-B771A3005FF2}.Release|Any CPU.ActiveCfg = Release|Any CPU
		{82A73C52-92CF-467C-B884-B771A3005FF2}.Release|Any CPU.Build.0 = Release|Any CPU
		{C79611E9-E2A1-4E4A-A0B9-884AE24D5727}.Debug|Any CPU.ActiveCfg = Debug|Any CPU
		{C79611E9-E2A1-4E4A-A0B9-884AE24D5727}.Debug|Any CPU.Build.0 = Debug|Any CPU
		{C79611E9-E2A1-4E4A-A0B9-884AE24D5727}.Release|Any CPU.ActiveCfg = Release|Any CPU
		{C79611E9-E2A1-4E4A-A0B9-884AE24D5727}.Release|Any CPU.Build.0 = Release|Any CPU
		{73BFD8C5-F4EE-454C-A932-6763E0F54270}.Debug|Any CPU.ActiveCfg = Debug|Any CPU
		{73BFD8C5-F4EE-454C-A932-6763E0F54270}.Debug|Any CPU.Build.0 = Debug|Any CPU
		{73BFD8C5-F4EE-454C-A932-6763E0F54270}.Release|Any CPU.ActiveCfg = Release|Any CPU
		{73BFD8C5-F4EE-454C-A932-6763E0F54270}.Release|Any CPU.Build.0 = Release|Any CPU
		{6DC19FD1-3DD5-45F1-916A-AA7797E886AB}.Debug|Any CPU.ActiveCfg = Debug|Any CPU
		{6DC19FD1-3DD5-45F1-916A-AA7797E886AB}.Debug|Any CPU.Build.0 = Debug|Any CPU
		{6DC19FD1-3DD5-45F1-916A-AA7797E886AB}.Release|Any CPU.ActiveCfg = Release|Any CPU
		{6DC19FD1-3DD5-45F1-916A-AA7797E886AB}.Release|Any CPU.Build.0 = Release|Any CPU
		{73BFD8C5-F4EE-454C-A932-6763E0F54271}.Debug|Any CPU.ActiveCfg = Debug|Any CPU
		{73BFD8C5-F4EE-454C-A932-6763E0F54271}.Debug|Any CPU.Build.0 = Debug|Any CPU
		{73BFD8C5-F4EE-454C-A932-6763E0F54271}.Release|Any CPU.ActiveCfg = Release|Any CPU
		{73BFD8C5-F4EE-454C-A932-6763E0F54271}.Release|Any CPU.Build.0 = Release|Any CPU
		{308D10EB-C12E-478C-B472-ADE08FA16086}.Debug|Any CPU.ActiveCfg = Debug|Any CPU
		{308D10EB-C12E-478C-B472-ADE08FA16086}.Debug|Any CPU.Build.0 = Debug|Any CPU
		{308D10EB-C12E-478C-B472-ADE08FA16086}.Release|Any CPU.ActiveCfg = Release|Any CPU
		{308D10EB-C12E-478C-B472-ADE08FA16086}.Release|Any CPU.Build.0 = Release|Any CPU
	EndGlobalSection
	GlobalSection(SolutionProperties) = preSolution
		HideSolutionNode = FALSE
	EndGlobalSection
	GlobalSection(ExtensibilityGlobals) = postSolution
		SolutionGuid = {FB0E2467-8D44-4A80-AAE5-A8423A8E91B4}
	EndGlobalSection
EndGlobal
